
Microsoft Visual Studio Solution File, Format Version 12.00
# Visual Studio Version 17
VisualStudioVersion = 17.13.35806.99 d17.13
MinimumVisualStudioVersion = 10.0.40219.1
Project("{FAE04EC0-301F-11D3-BF4B-00C04F79EFBC}") = "WeatherAPI", "WeatherAPI.csproj", "{60EF0610-1688-4D80-AF80-A673E7BFD29B}"
EndProject
Global
	GlobalSection(SolutionConfigurationPlatforms) = preSolution
		Debug|Any CPU = Debug|Any CPU
		Release|Any CPU = Release|Any CPU
	EndGlobalSection
	GlobalSection(ProjectConfigurationPlatforms) = postSolution
		{60EF0610-1688-4D80-AF80-A673E7BFD29B}.Debug|Any CPU.ActiveCfg = Debug|Any CPU
		{60EF0610-1688-4D80-AF80-A673E7BFD29B}.Debug|Any CPU.Build.0 = Debug|Any CPU
		{60EF0610-1688-4D80-AF80-A673E7BFD29B}.Release|Any CPU.ActiveCfg = Release|Any CPU
		{60EF0610-1688-4D80-AF80-A673E7BFD29B}.Release|Any CPU.Build.0 = Release|Any CPU
	EndGlobalSection
	GlobalSection(SolutionProperties) = preSolution
		HideSolutionNode = FALSE
	EndGlobalSection
	GlobalSection(ExtensibilityGlobals) = postSolution
		SolutionGuid = {3970A58F-1EC2-4441-A20D-2BDB2C78254D}
	EndGlobalSection
EndGlobal
